
Microsoft Visual Studio Solution File, Format Version 12.00
# Visual Studio Version 17
VisualStudioVersion = 17.8.34322.80
MinimumVisualStudioVersion = 10.0.40219.1
Project("{FAE04EC0-301F-11D3-BF4B-00C04F79EFBC}") = "Dependency Injection Practice", "Dependency Injection Practice\Dependency Injection Practice.csproj", "{35CE6A11-95EF-4027-9F9A-3C6B8C9B6C2D}"
EndProject
Global
	GlobalSection(SolutionConfigurationPlatforms) = preSolution
		Debug|Any CPU = Debug|Any CPU
		Release|Any CPU = Release|Any CPU
	EndGlobalSection
	GlobalSection(ProjectConfigurationPlatforms) = postSolution
		{35CE6A11-95EF-4027-9F9A-3C6B8C9B6C2D}.Debug|Any CPU.ActiveCfg = Debug|Any CPU
		{35CE6A11-95EF-4027-9F9A-3C6B8C9B6C2D}.Debug|Any CPU.Build.0 = Debug|Any CPU
		{35CE6A11-95EF-4027-9F9A-3C6B8C9B6C2D}.Release|Any CPU.ActiveCfg = Release|Any CPU
		{35CE6A11-95EF-4027-9F9A-3C6B8C9B6C2D}.Release|Any CPU.Build.0 = Release|Any CPU
	EndGlobalSection
	GlobalSection(SolutionProperties) = preSolution
		HideSolutionNode = FALSE
	EndGlobalSection
	GlobalSection(ExtensibilityGlobals) = postSolution
		SolutionGuid = {2654E45C-EBAB-4FEE-A1D9-175B11FAB1F8}
	EndGlobalSection
EndGlobal
